
Microsoft Visual Studio Solution File, Format Version 12.00
# Visual Studio Version 17
VisualStudioVersion = 17.1.32127.271
MinimumVisualStudioVersion = 10.0.40219.1
Project("{8BC9CEB8-8B4A-11D0-8D11-00A0C91BC942}") = "SDL_Movement", "SDL_Movement\SDL_Movement.vcxproj", "{F83E0E4D-5395-472F-BD5B-5A7614FCE48B}"
EndProject
Global
	GlobalSection(SolutionConfigurationPlatforms) = preSolution
		Debug|x64 = Debug|x64
		Debug|x86 = Debug|x86
		Release|x64 = Release|x64
		Release|x86 = Release|x86
	EndGlobalSection
	GlobalSection(ProjectConfigurationPlatforms) = postSolution
		{F83E0E4D-5395-472F-BD5B-5A7614FCE48B}.Debug|x64.ActiveCfg = Debug|x64
		{F83E0E4D-5395-472F-BD5B-5A7614FCE48B}.Debug|x64.Build.0 = Debug|x64
		{F83E0E4D-5395-472F-BD5B-5A7614FCE48B}.Debug|x86.ActiveCfg = Debug|Win32
		{F83E0E4D-5395-472F-BD5B-5A7614FCE48B}.Debug|x86.Build.0 = Debug|Win32
		{F83E0E4D-5395-472F-BD5B-5A7614FCE48B}.Release|x64.ActiveCfg = Release|x64
		{F83E0E4D-5395-472F-BD5B-5A7614FCE48B}.Release|x64.Build.0 = Release|x64
		{F83E0E4D-5395-472F-BD5B-5A7614FCE48B}.Release|x86.ActiveCfg = Release|Win32
		{F83E0E4D-5395-472F-BD5B-5A7614FCE48B}.Release|x86.Build.0 = Release|Win32
	EndGlobalSection
	GlobalSection(SolutionProperties) = preSolution
		HideSolutionNode = FALSE
	EndGlobalSection
	GlobalSection(ExtensibilityGlobals) = postSolution
		SolutionGuid = {238E5654-C546-48BA-AE6A-1DA0BFF4830B}
	EndGlobalSection
EndGlobal
